<Solution>
  <Folder Name="/Packages/">
    <Project Path="Packages/AssetRipper.Bindings.LLVM.Linux.Arm64/AssetRipper.Bindings.LLVM.Linux.Arm64.csproj" />
    <Project Path="Packages/AssetRipper.Bindings.LLVM.Linux.X64/AssetRipper.Bindings.LLVM.Linux.X64.csproj" />
    <Project Path="Packages/AssetRipper.Bindings.LLVM.Mac.Arm64/AssetRipper.Bindings.LLVM.Mac.Arm64.csproj" />
    <Project Path="Packages/AssetRipper.Bindings.LLVM.Windows.X64/AssetRipper.Bindings.LLVM.Windows.X64.csproj" />
  </Folder>
  <Folder Name="/Solution Items/">
    <File Path=".editorconfig" />
    <File Path=".gitignore" />
    <File Path="Directory.Build.props" />
    <File Path="License.md" />
    <File Path="README.md" />
    <File Path="ReleaseChangelog.md" />
  </Folder>
  <Project Path="AssetRipper.Bindings.CGenerator/AssetRipper.Bindings.CGenerator.csproj" />
  <Project Path="AssetRipper.Bindings.LLVM.Downloader/AssetRipper.Bindings.LLVM.Downloader.csproj" />
  <Project Path="AssetRipper.Bindings.LLVM.Exports/AssetRipper.Bindings.LLVM.Exports.csproj" />
  <Project Path="AssetRipper.Bindings.LLVM/AssetRipper.Bindings.LLVM.csproj" />
</Solution>
